# THIS IS AN AUTOGENERATED FILE. DO NOT EDIT THIS FILE DIRECTLY.
# yarn lockfile v1


"@atomist/cortex@0.33.0":
  version "0.33.0"
  resolved "https://registry.yarnpkg.com/@atomist/cortex/-/cortex-0.33.0.tgz#a622b59729aa17297e452fcc96ab36cdb0f6892d"
  dependencies:
    "@atomist/rug" "0.26.1"

"@atomist/rug@0.26.1":
  version "0.26.1"
  resolved "https://registry.yarnpkg.com/@atomist/rug/-/rug-0.26.1.tgz#35b021b3793cf60bc693d5aa7c77ae9df3e0a359"

"@atomist/rugs@^0.25.0":
  version "0.25.0"
  resolved "https://registry.yarnpkg.com/@atomist/rugs/-/rugs-0.25.0.tgz#0f133854822aa3a8560fd74dc1710485ad07c348"
  dependencies:
    "@atomist/cortex" "0.33.0"
    "@atomist/rug" "0.26.1"
    mustache "^2.3.0"

mustache@^2.3.0:
  version "2.3.0"
  resolved "https://registry.yarnpkg.com/mustache/-/mustache-2.3.0.tgz#4028f7778b17708a489930a6e52ac3bca0da41d0"
